// !$*UTF8*$!
{
	archiveVersion = 1;
	classes = {
	};
	objectVersion = 46;
	objects = {

/* Begin PBXBuildFile section */
		495C97FE1535ABF200EEDAFB /* UIGestureRecognizer+Blocks.m in Sources */ = {isa = PBXBuildFile; fileRef = 495C97FD1535ABF200EEDAFB /* UIGestureRecognizer+Blocks.m */; };
		497316241534590400E3E5DC /* BehaviorTableViewController.m in Sources */ = {isa = PBXBuildFile; fileRef = 497316231534590400E3E5DC /* BehaviorTableViewController.m */; };
		4973162915345CCB00E3E5DC /* Behavior.m in Sources */ = {isa = PBXBuildFile; fileRef = 4973162815345CCB00E3E5DC /* Behavior.m */; };
		4973162F15345D9500E3E5DC /* BehaviorFactory.m in Sources */ = {isa = PBXBuildFile; fileRef = 4973162E15345D9500E3E5DC /* BehaviorFactory.m */; };
		499EC2591537E9A90025C20D /* BehaviorTableViewCell.m in Sources */ = {isa = PBXBuildFile; fileRef = 499EC2581537E9A90025C20D /* BehaviorTableViewCell.m */; };
		49A04A4A1534491B0092DC4A /* UIKit.framework in Frameworks */ = {isa = PBXBuildFile; fileRef = 49A04A491534491B0092DC4A /* UIKit.framework */; };
		49A04A4C1534491B0092DC4A /* Foundation.framework in Frameworks */ = {isa = PBXBuildFile; fileRef = 49A04A4B1534491B0092DC4A /* Foundation.framework */; };
		49A04A4E1534491B0092DC4A /* CoreGraphics.framework in Frameworks */ = {isa = PBXBuildFile; fileRef = 49A04A4D1534491B0092DC4A /* CoreGraphics.framework */; };
		49A04A6B1534491B0092DC4A /* SenTestingKit.framework in Frameworks */ = {isa = PBXBuildFile; fileRef = 49A04A6A1534491B0092DC4A /* SenTestingKit.framework */; };
		49A04A6C1534491B0092DC4A /* UIKit.framework in Frameworks */ = {isa = PBXBuildFile; fileRef = 49A04A491534491B0092DC4A /* UIKit.framework */; };
		49A04A6D1534491B0092DC4A /* Foundation.framework in Frameworks */ = {isa = PBXBuildFile; fileRef = 49A04A4B1534491B0092DC4A /* Foundation.framework */; };
		49A04AA415344CD90092DC4A /* AppDelegate.m in Sources */ = {isa = PBXBuildFile; fileRef = 49A04A9815344CD90092DC4A /* AppDelegate.m */; };
		49A04AA815344CD90092DC4A /* main.m in Sources */ = {isa = PBXBuildFile; fileRef = 49A04AA015344CD90092DC4A /* main.m */; };
		49A04AAD15344D420092DC4A /* InfoPlist.strings in Resources */ = {isa = PBXBuildFile; fileRef = 49A04AAB15344D420092DC4A /* InfoPlist.strings */; };
		49A04AB215344D4E0092DC4A /* MainStoryboard_iPad.storyboard in Resources */ = {isa = PBXBuildFile; fileRef = 49A04AAE15344D4E0092DC4A /* MainStoryboard_iPad.storyboard */; };
		49A04AB315344D4E0092DC4A /* MainStoryboard_iPhone.storyboard in Resources */ = {isa = PBXBuildFile; fileRef = 49A04AB015344D4E0092DC4A /* MainStoryboard_iPhone.storyboard */; };
		49A04AB615344D900092DC4A /* MeritDemeritCellTests.m in Sources */ = {isa = PBXBuildFile; fileRef = 49A04AB515344D900092DC4A /* MeritDemeritCellTests.m */; };
		49A04AB915344D9B0092DC4A /* InfoPlist.strings in Resources */ = {isa = PBXBuildFile; fileRef = 49A04AB715344D9B0092DC4A /* InfoPlist.strings */; };
		49EBB40B15367663002BBF3C /* BehaviorSectionHeaderView.m in Sources */ = {isa = PBXBuildFile; fileRef = 49EBB40A15367663002BBF3C /* BehaviorSectionHeaderView.m */; };
		49EBB4321537D1E9002BBF3C /* DCCrossHairView.m in Sources */ = {isa = PBXBuildFile; fileRef = 49EBB42A1537D1E9002BBF3C /* DCCrossHairView.m */; settings = {COMPILER_FLAGS = "-fno-objc-arc"; }; };
		49EBB4331537D1E9002BBF3C /* DCFrameView.m in Sources */ = {isa = PBXBuildFile; fileRef = 49EBB42C1537D1E9002BBF3C /* DCFrameView.m */; settings = {COMPILER_FLAGS = "-fno-objc-arc"; }; };
		49EBB4341537D1E9002BBF3C /* DCIntrospect.m in Sources */ = {isa = PBXBuildFile; fileRef = 49EBB42E1537D1E9002BBF3C /* DCIntrospect.m */; settings = {COMPILER_FLAGS = "-fno-objc-arc"; }; };
		49EBB4351537D1E9002BBF3C /* DCStatusBarOverlay.m in Sources */ = {isa = PBXBuildFile; fileRef = 49EBB4311537D1E9002BBF3C /* DCStatusBarOverlay.m */; settings = {COMPILER_FLAGS = "-fno-objc-arc"; }; };
		49EBB4371537D361002BBF3C /* QuartzCore.framework in Frameworks */ = {isa = PBXBuildFile; fileRef = 49EBB4361537D360002BBF3C /* QuartzCore.framework */; };
		49EBB43A1537D4A5002BBF3C /* UIView+Additions.m in Sources */ = {isa = PBXBuildFile; fileRef = 49EBB4391537D4A5002BBF3C /* UIView+Additions.m */; };
		49EBB43D1537D4BE002BBF3C /* Introspect.m in Sources */ = {isa = PBXBuildFile; fileRef = 49EBB43C1537D4BE002BBF3C /* Introspect.m */; };
/* End PBXBuildFile section */

/* Begin PBXContainerItemProxy section */
		49A04A6E1534491B0092DC4A /* PBXContainerItemProxy */ = {
			isa = PBXContainerItemProxy;
			containerPortal = 49A04A3C1534491B0092DC4A /* Project object */;
			proxyType = 1;
			remoteGlobalIDString = 49A04A441534491B0092DC4A;
			remoteInfo = MeritDemeritCell;
		};
/* End PBXContainerItemProxy section */

/* Begin PBXFileReference section */
		495C97FC1535ABF200EEDAFB /* UIGestureRecognizer+Blocks.h */ = {isa = PBXFileReference; fileEncoding = 4; lastKnownFileType = sourcecode.c.h; name = "UIGestureRecognizer+Blocks.h"; path = "src/UIGestureRecognizer+Blocks.h"; sourceTree = "<group>"; };
		495C97FD1535ABF200EEDAFB /* UIGestureRecognizer+Blocks.m */ = {isa = PBXFileReference; fileEncoding = 4; lastKnownFileType = sourcecode.c.objc; name = "UIGestureRecognizer+Blocks.m"; path = "src/UIGestureRecognizer+Blocks.m"; sourceTree = "<group>"; };
		497316221534590400E3E5DC /* BehaviorTableViewController.h */ = {isa = PBXFileReference; fileEncoding = 4; lastKnownFileType = sourcecode.c.h; name = BehaviorTableViewController.h; path = src/BehaviorTableViewController.h; sourceTree = "<group>"; };
		497316231534590400E3E5DC /* BehaviorTableViewController.m */ = {isa = PBXFileReference; fileEncoding = 4; lastKnownFileType = sourcecode.c.objc; name = BehaviorTableViewController.m; path = src/BehaviorTableViewController.m; sourceTree = "<group>"; };
		4973162715345CCB00E3E5DC /* Behavior.h */ = {isa = PBXFileReference; fileEncoding = 4; lastKnownFileType = sourcecode.c.h; name = Behavior.h; path = src/Behavior.h; sourceTree = "<group>"; };
		4973162815345CCB00E3E5DC /* Behavior.m */ = {isa = PBXFileReference; fileEncoding = 4; lastKnownFileType = sourcecode.c.objc; name = Behavior.m; path = src/Behavior.m; sourceTree = "<group>"; };
		4973162D15345D9500E3E5DC /* BehaviorFactory.h */ = {isa = PBXFileReference; fileEncoding = 4; lastKnownFileType = sourcecode.c.h; name = BehaviorFactory.h; path = src/BehaviorFactory.h; sourceTree = "<group>"; };
		4973162E15345D9500E3E5DC /* BehaviorFactory.m */ = {isa = PBXFileReference; fileEncoding = 4; lastKnownFileType = sourcecode.c.objc; name = BehaviorFactory.m; path = src/BehaviorFactory.m; sourceTree = "<group>"; };
		499EC2571537E9A90025C20D /* BehaviorTableViewCell.h */ = {isa = PBXFileReference; fileEncoding = 4; lastKnownFileType = sourcecode.c.h; name = BehaviorTableViewCell.h; path = src/BehaviorTableViewCell.h; sourceTree = "<group>"; };
		499EC2581537E9A90025C20D /* BehaviorTableViewCell.m */ = {isa = PBXFileReference; fileEncoding = 4; lastKnownFileType = sourcecode.c.objc; name = BehaviorTableViewCell.m; path = src/BehaviorTableViewCell.m; sourceTree = "<group>"; };
		49A04A451534491B0092DC4A /* MeritDemeritCell.app */ = {isa = PBXFileReference; explicitFileType = wrapper.application; includeInIndex = 0; path = MeritDemeritCell.app; sourceTree = BUILT_PRODUCTS_DIR; };
		49A04A491534491B0092DC4A /* UIKit.framework */ = {isa = PBXFileReference; lastKnownFileType = wrapper.framework; name = UIKit.framework; path = System/Library/Frameworks/UIKit.framework; sourceTree = SDKROOT; };
		49A04A4B1534491B0092DC4A /* Foundation.framework */ = {isa = PBXFileReference; lastKnownFileType = wrapper.framework; name = Foundation.framework; path = System/Library/Frameworks/Foundation.framework; sourceTree = SDKROOT; };
		49A04A4D1534491B0092DC4A /* CoreGraphics.framework */ = {isa = PBXFileReference; lastKnownFileType = wrapper.framework; name = CoreGraphics.framework; path = System/Library/Frameworks/CoreGraphics.framework; sourceTree = SDKROOT; };
		49A04A691534491B0092DC4A /* MeritDemeritCellTests.octest */ = {isa = PBXFileReference; explicitFileType = wrapper.cfbundle; includeInIndex = 0; path = MeritDemeritCellTests.octest; sourceTree = BUILT_PRODUCTS_DIR; };
		49A04A6A1534491B0092DC4A /* SenTestingKit.framework */ = {isa = PBXFileReference; lastKnownFileType = wrapper.framework; name = SenTestingKit.framework; path = Library/Frameworks/SenTestingKit.framework; sourceTree = DEVELOPER_DIR; };
		49A04A9715344CD90092DC4A /* AppDelegate.h */ = {isa = PBXFileReference; fileEncoding = 4; lastKnownFileType = sourcecode.c.h; name = AppDelegate.h; path = src/AppDelegate.h; sourceTree = "<group>"; };
		49A04A9815344CD90092DC4A /* AppDelegate.m */ = {isa = PBXFileReference; fileEncoding = 4; lastKnownFileType = sourcecode.c.objc; name = AppDelegate.m; path = src/AppDelegate.m; sourceTree = "<group>"; };
		49A04AA015344CD90092DC4A /* main.m */ = {isa = PBXFileReference; fileEncoding = 4; lastKnownFileType = sourcecode.c.objc; name = main.m; path = src/main.m; sourceTree = "<group>"; };
		49A04AA115344CD90092DC4A /* MeritDemeritCell-Prefix.pch */ = {isa = PBXFileReference; fileEncoding = 4; lastKnownFileType = sourcecode.c.h; name = "MeritDemeritCell-Prefix.pch"; path = "src/MeritDemeritCell-Prefix.pch"; sourceTree = "<group>"; };
		49A04AAC15344D420092DC4A /* en */ = {isa = PBXFileReference; lastKnownFileType = text.plist.strings; name = en; path = src/en.lproj/InfoPlist.strings; sourceTree = "<group>"; };
		49A04AAF15344D4E0092DC4A /* en */ = {isa = PBXFileReference; lastKnownFileType = file.storyboard; name = en; path = src/en.lproj/MainStoryboard_iPad.storyboard; sourceTree = "<group>"; };
		49A04AB115344D4E0092DC4A /* en */ = {isa = PBXFileReference; lastKnownFileType = file.storyboard; name = en; path = src/en.lproj/MainStoryboard_iPhone.storyboard; sourceTree = "<group>"; };
		49A04AB415344D900092DC4A /* MeritDemeritCellTests.h */ = {isa = PBXFileReference; fileEncoding = 4; lastKnownFileType = sourcecode.c.h; name = MeritDemeritCellTests.h; path = test/MeritDemeritCellTests.h; sourceTree = "<group>"; };
		49A04AB515344D900092DC4A /* MeritDemeritCellTests.m */ = {isa = PBXFileReference; fileEncoding = 4; lastKnownFileType = sourcecode.c.objc; name = MeritDemeritCellTests.m; path = test/MeritDemeritCellTests.m; sourceTree = "<group>"; };
		49A04AB815344D9B0092DC4A /* en */ = {isa = PBXFileReference; lastKnownFileType = text.plist.strings; name = en; path = test/en.lproj/InfoPlist.strings; sourceTree = "<group>"; };
		49A04ABA15344DB50092DC4A /* MeritDemeritCell-Info.plist */ = {isa = PBXFileReference; fileEncoding = 4; lastKnownFileType = text.plist.xml; name = "MeritDemeritCell-Info.plist"; path = "resources/MeritDemeritCell-Info.plist"; sourceTree = "<group>"; };
		49A04ABB15344DB50092DC4A /* MeritDemeritCellTests-Info.plist */ = {isa = PBXFileReference; fileEncoding = 4; lastKnownFileType = text.plist.xml; name = "MeritDemeritCellTests-Info.plist"; path = "resources/MeritDemeritCellTests-Info.plist"; sourceTree = "<group>"; };
		49EBB40915367663002BBF3C /* BehaviorSectionHeaderView.h */ = {isa = PBXFileReference; fileEncoding = 4; lastKnownFileType = sourcecode.c.h; name = BehaviorSectionHeaderView.h; path = src/BehaviorSectionHeaderView.h; sourceTree = "<group>"; };
		49EBB40A15367663002BBF3C /* BehaviorSectionHeaderView.m */ = {isa = PBXFileReference; fileEncoding = 4; lastKnownFileType = sourcecode.c.objc; name = BehaviorSectionHeaderView.m; path = src/BehaviorSectionHeaderView.m; sourceTree = "<group>"; };
		49EBB4141536C8B4002BBF3C /* UIView+Additions.h */ = {isa = PBXFileReference; fileEncoding = 4; lastKnownFileType = sourcecode.c.h; name = "UIView+Additions.h"; path = "src/UIView+Additions.h"; sourceTree = "<group>"; };
		49EBB4291537D1E9002BBF3C /* DCCrossHairView.h */ = {isa = PBXFileReference; fileEncoding = 4; lastKnownFileType = sourcecode.c.h; path = DCCrossHairView.h; sourceTree = "<group>"; };
		49EBB42A1537D1E9002BBF3C /* DCCrossHairView.m */ = {isa = PBXFileReference; fileEncoding = 4; lastKnownFileType = sourcecode.c.objc; path = DCCrossHairView.m; sourceTree = "<group>"; };
		49EBB42B1537D1E9002BBF3C /* DCFrameView.h */ = {isa = PBXFileReference; fileEncoding = 4; lastKnownFileType = sourcecode.c.h; path = DCFrameView.h; sourceTree = "<group>"; };
		49EBB42C1537D1E9002BBF3C /* DCFrameView.m */ = {isa = PBXFileReference; fileEncoding = 4; lastKnownFileType = sourcecode.c.objc; path = DCFrameView.m; sourceTree = "<group>"; };
		49EBB42D1537D1E9002BBF3C /* DCIntrospect.h */ = {isa = PBXFileReference; fileEncoding = 4; lastKnownFileType = sourcecode.c.h; path = DCIntrospect.h; sourceTree = "<group>"; };
		49EBB42E1537D1E9002BBF3C /* DCIntrospect.m */ = {isa = PBXFileReference; fileEncoding = 4; lastKnownFileType = sourcecode.c.objc; path = DCIntrospect.m; sourceTree = "<group>"; };
		49EBB42F1537D1E9002BBF3C /* DCIntrospectSettings.h */ = {isa = PBXFileReference; fileEncoding = 4; lastKnownFileType = sourcecode.c.h; path = DCIntrospectSettings.h; sourceTree = "<group>"; };
		49EBB4301537D1E9002BBF3C /* DCStatusBarOverlay.h */ = {isa = PBXFileReference; fileEncoding = 4; lastKnownFileType = sourcecode.c.h; path = DCStatusBarOverlay.h; sourceTree = "<group>"; };
		49EBB4311537D1E9002BBF3C /* DCStatusBarOverlay.m */ = {isa = PBXFileReference; fileEncoding = 4; lastKnownFileType = sourcecode.c.objc; path = DCStatusBarOverlay.m; sourceTree = "<group>"; };
		49EBB4361537D360002BBF3C /* QuartzCore.framework */ = {isa = PBXFileReference; lastKnownFileType = wrapper.framework; name = QuartzCore.framework; path = System/Library/Frameworks/QuartzCore.framework; sourceTree = SDKROOT; };
		49EBB4391537D4A5002BBF3C /* UIView+Additions.m */ = {isa = PBXFileReference; fileEncoding = 4; lastKnownFileType = sourcecode.c.objc; name = "UIView+Additions.m"; path = "src/UIView+Additions.m"; sourceTree = "<group>"; };
		49EBB43B1537D4BE002BBF3C /* Introspect.h */ = {isa = PBXFileReference; fileEncoding = 4; lastKnownFileType = sourcecode.c.h; name = Introspect.h; path = src/Introspect.h; sourceTree = "<group>"; };
		49EBB43C1537D4BE002BBF3C /* Introspect.m */ = {isa = PBXFileReference; fileEncoding = 4; lastKnownFileType = sourcecode.c.objc; name = Introspect.m; path = src/Introspect.m; sourceTree = "<group>"; };
/* End PBXFileReference section */

/* Begin PBXFrameworksBuildPhase section */
		49A04A421534491B0092DC4A /* Frameworks */ = {
			isa = PBXFrameworksBuildPhase;
			buildActionMask = 2147483647;
			files = (
				49EBB4371537D361002BBF3C /* QuartzCore.framework in Frameworks */,
				49A04A4A1534491B0092DC4A /* UIKit.framework in Frameworks */,
				49A04A4C1534491B0092DC4A /* Foundation.framework in Frameworks */,
				49A04A4E1534491B0092DC4A /* CoreGraphics.framework in Frameworks */,
			);
			runOnlyForDeploymentPostprocessing = 0;
		};
		49A04A651534491B0092DC4A /* Frameworks */ = {
			isa = PBXFrameworksBuildPhase;
			buildActionMask = 2147483647;
			files = (
				49A04A6B1534491B0092DC4A /* SenTestingKit.framework in Frameworks */,
				49A04A6C1534491B0092DC4A /* UIKit.framework in Frameworks */,
				49A04A6D1534491B0092DC4A /* Foundation.framework in Frameworks */,
			);
			runOnlyForDeploymentPostprocessing = 0;
		};
/* End PBXFrameworksBuildPhase section */

/* Begin PBXGroup section */
		495C97FA1535ABC500EEDAFB /* utils */ = {
			isa = PBXGroup;
			children = (
				49EBB43B1537D4BE002BBF3C /* Introspect.h */,
				49EBB43C1537D4BE002BBF3C /* Introspect.m */,
			);
			name = utils;
			sourceTree = "<group>";
		};
		4973162515345C8F00E3E5DC /* controllers */ = {
			isa = PBXGroup;
			children = (
				49A04A9715344CD90092DC4A /* AppDelegate.h */,
				49A04A9815344CD90092DC4A /* AppDelegate.m */,
				497316221534590400E3E5DC /* BehaviorTableViewController.h */,
				497316231534590400E3E5DC /* BehaviorTableViewController.m */,
				499EC2571537E9A90025C20D /* BehaviorTableViewCell.h */,
				499EC2581537E9A90025C20D /* BehaviorTableViewCell.m */,
				49EBB40915367663002BBF3C /* BehaviorSectionHeaderView.h */,
				49EBB40A15367663002BBF3C /* BehaviorSectionHeaderView.m */,
			);
			name = controllers;
			sourceTree = "<group>";
		};
		4973162615345CA000E3E5DC /* domains */ = {
			isa = PBXGroup;
			children = (
				4973162715345CCB00E3E5DC /* Behavior.h */,
				4973162815345CCB00E3E5DC /* Behavior.m */,
				4973162D15345D9500E3E5DC /* BehaviorFactory.h */,
				4973162E15345D9500E3E5DC /* BehaviorFactory.m */,
			);
			name = domains;
			sourceTree = "<group>";
		};
		49A04A3A1534491B0092DC4A = {
			isa = PBXGroup;
			children = (
				49A04A8F15344BB00092DC4A /* src */,
				49A04A9215344BF30092DC4A /* test */,
				49EBB4261537D1D3002BBF3C /* lib */,
				49A04A9315344C0E0092DC4A /* resources */,
				49A04A481534491B0092DC4A /* frameworks */,
				49A04A461534491B0092DC4A /* products */,
			);
			sourceTree = "<group>";
		};
		49A04A461534491B0092DC4A /* products */ = {
			isa = PBXGroup;
			children = (
				49A04A451534491B0092DC4A /* MeritDemeritCell.app */,
				49A04A691534491B0092DC4A /* MeritDemeritCellTests.octest */,
			);
			name = products;
			sourceTree = "<group>";
		};
		49A04A481534491B0092DC4A /* frameworks */ = {
			isa = PBXGroup;
			children = (
				49EBB4361537D360002BBF3C /* QuartzCore.framework */,
				49A04A491534491B0092DC4A /* UIKit.framework */,
				49A04A4B1534491B0092DC4A /* Foundation.framework */,
				49A04A4D1534491B0092DC4A /* CoreGraphics.framework */,
				49A04A6A1534491B0092DC4A /* SenTestingKit.framework */,
			);
			name = frameworks;
			sourceTree = "<group>";
		};
		49A04A8F15344BB00092DC4A /* src */ = {
			isa = PBXGroup;
			children = (
				4973162615345CA000E3E5DC /* domains */,
				4973162515345C8F00E3E5DC /* controllers */,
				49EBB4381537D452002BBF3C /* additions */,
				495C97FA1535ABC500EEDAFB /* utils */,
				49A04AAE15344D4E0092DC4A /* MainStoryboard_iPad.storyboard */,
				49A04AB015344D4E0092DC4A /* MainStoryboard_iPhone.storyboard */,
				49A04AAB15344D420092DC4A /* InfoPlist.strings */,
				49A04AAA15344D200092DC4A /* others */,
			);
			name = src;
			sourceTree = "<group>";
		};
		49A04A9215344BF30092DC4A /* test */ = {
			isa = PBXGroup;
			children = (
				49A04AB415344D900092DC4A /* MeritDemeritCellTests.h */,
				49A04AB515344D900092DC4A /* MeritDemeritCellTests.m */,
				49A04AB715344D9B0092DC4A /* InfoPlist.strings */,
			);
			name = test;
			sourceTree = "<group>";
		};
		49A04A9315344C0E0092DC4A /* resources */ = {
			isa = PBXGroup;
			children = (
				49A04ABA15344DB50092DC4A /* MeritDemeritCell-Info.plist */,
				49A04ABB15344DB50092DC4A /* MeritDemeritCellTests-Info.plist */,
			);
			name = resources;
			sourceTree = "<group>";
		};
		49A04AAA15344D200092DC4A /* others */ = {
			isa = PBXGroup;
			children = (
				49A04AA015344CD90092DC4A /* main.m */,
				49A04AA115344CD90092DC4A /* MeritDemeritCell-Prefix.pch */,
			);
			name = others;
			sourceTree = "<group>";
		};
		49EBB4261537D1D3002BBF3C /* lib */ = {
			isa = PBXGroup;
			children = (
				49EBB4281537D1E9002BBF3C /* DCIntrospect */,
			);
			name = lib;
			sourceTree = "<group>";
		};
		49EBB4281537D1E9002BBF3C /* DCIntrospect */ = {
			isa = PBXGroup;
			children = (
				49EBB4291537D1E9002BBF3C /* DCCrossHairView.h */,
				49EBB42A1537D1E9002BBF3C /* DCCrossHairView.m */,
				49EBB42B1537D1E9002BBF3C /* DCFrameView.h */,
				49EBB42C1537D1E9002BBF3C /* DCFrameView.m */,
				49EBB42D1537D1E9002BBF3C /* DCIntrospect.h */,
				49EBB42E1537D1E9002BBF3C /* DCIntrospect.m */,
				49EBB42F1537D1E9002BBF3C /* DCIntrospectSettings.h */,
				49EBB4301537D1E9002BBF3C /* DCStatusBarOverlay.h */,
				49EBB4311537D1E9002BBF3C /* DCStatusBarOverlay.m */,
			);
			name = DCIntrospect;
			path = lib/DCIntrospect/DCIntrospect;
			sourceTree = "<group>";
		};
		49EBB4381537D452002BBF3C /* additions */ = {
			isa = PBXGroup;
			children = (
				495C97FC1535ABF200EEDAFB /* UIGestureRecognizer+Blocks.h */,
				495C97FD1535ABF200EEDAFB /* UIGestureRecognizer+Blocks.m */,
				49EBB4141536C8B4002BBF3C /* UIView+Additions.h */,
				49EBB4391537D4A5002BBF3C /* UIView+Additions.m */,
			);
			name = additions;
			sourceTree = "<group>";
		};
/* End PBXGroup section */

/* Begin PBXNativeTarget section */
		49A04A441534491B0092DC4A /* MeritDemeritCell */ = {
			isa = PBXNativeTarget;
			buildConfigurationList = 49A04A7B1534491B0092DC4A /* Build configuration list for PBXNativeTarget "MeritDemeritCell" */;
			buildPhases = (
				49A04A411534491B0092DC4A /* Sources */,
				49A04A421534491B0092DC4A /* Frameworks */,
				49A04A431534491B0092DC4A /* Resources */,
			);
			buildRules = (
			);
			dependencies = (
			);
			name = MeritDemeritCell;
			productName = MeritDemeritCell;
			productReference = 49A04A451534491B0092DC4A /* MeritDemeritCell.app */;
			productType = "com.apple.product-type.application";
		};
		49A04A681534491B0092DC4A /* MeritDemeritCellTests */ = {
			isa = PBXNativeTarget;
			buildConfigurationList = 49A04A7E1534491B0092DC4A /* Build configuration list for PBXNativeTarget "MeritDemeritCellTests" */;
			buildPhases = (
				49A04A641534491B0092DC4A /* Sources */,
				49A04A651534491B0092DC4A /* Frameworks */,
				49A04A661534491B0092DC4A /* Resources */,
				49A04A671534491B0092DC4A /* ShellScript */,
			);
			buildRules = (
			);
			dependencies = (
				49A04A6F1534491B0092DC4A /* PBXTargetDependency */,
			);
			name = MeritDemeritCellTests;
			productName = MeritDemeritCellTests;
			productReference = 49A04A691534491B0092DC4A /* MeritDemeritCellTests.octest */;
			productType = "com.apple.product-type.bundle";
		};
/* End PBXNativeTarget section */

/* Begin PBXProject section */
		49A04A3C1534491B0092DC4A /* Project object */ = {
			isa = PBXProject;
			attributes = {
				LastUpgradeCheck = 0430;
				ORGANIZATIONNAME = ThoughtWorks;
			};
			buildConfigurationList = 49A04A3F1534491B0092DC4A /* Build configuration list for PBXProject "MeritDemeritCell" */;
			compatibilityVersion = "Xcode 3.2";
			developmentRegion = English;
			hasScannedForEncodings = 0;
			knownRegions = (
				en,
			);
			mainGroup = 49A04A3A1534491B0092DC4A;
			productRefGroup = 49A04A461534491B0092DC4A /* products */;
			projectDirPath = "";
			projectRoot = "";
			targets = (
				49A04A441534491B0092DC4A /* MeritDemeritCell */,
				49A04A681534491B0092DC4A /* MeritDemeritCellTests */,
			);
		};
/* End PBXProject section */

/* Begin PBXResourcesBuildPhase section */
		49A04A431534491B0092DC4A /* Resources */ = {
			isa = PBXResourcesBuildPhase;
			buildActionMask = 2147483647;
			files = (
				49A04AAD15344D420092DC4A /* InfoPlist.strings in Resources */,
				49A04AB215344D4E0092DC4A /* MainStoryboard_iPad.storyboard in Resources */,
				49A04AB315344D4E0092DC4A /* MainStoryboard_iPhone.storyboard in Resources */,
			);
			runOnlyForDeploymentPostprocessing = 0;
		};
		49A04A661534491B0092DC4A /* Resources */ = {
			isa = PBXResourcesBuildPhase;
			buildActionMask = 2147483647;
			files = (
				49A04AB915344D9B0092DC4A /* InfoPlist.strings in Resources */,
			);
			runOnlyForDeploymentPostprocessing = 0;
		};
/* End PBXResourcesBuildPhase section */

/* Begin PBXShellScriptBuildPhase section */
		49A04A671534491B0092DC4A /* ShellScript */ = {
			isa = PBXShellScriptBuildPhase;
			buildActionMask = 2147483647;
			files = (
			);
			inputPaths = (
			);
			outputPaths = (
			);
			runOnlyForDeploymentPostprocessing = 0;
			shellPath = /bin/sh;
			shellScript = "# Run the unit tests in this test bundle.\n\"${SYSTEM_DEVELOPER_DIR}/Tools/RunUnitTests\"\n";
		};
/* End PBXShellScriptBuildPhase section */

/* Begin PBXSourcesBuildPhase section */
		49A04A411534491B0092DC4A /* Sources */ = {
			isa = PBXSourcesBuildPhase;
			buildActionMask = 2147483647;
			files = (
				49A04AA415344CD90092DC4A /* AppDelegate.m in Sources */,
				49A04AA815344CD90092DC4A /* main.m in Sources */,
				497316241534590400E3E5DC /* BehaviorTableViewController.m in Sources */,
				4973162915345CCB00E3E5DC /* Behavior.m in Sources */,
				4973162F15345D9500E3E5DC /* BehaviorFactory.m in Sources */,
				495C97FE1535ABF200EEDAFB /* UIGestureRecognizer+Blocks.m in Sources */,
				49EBB40B15367663002BBF3C /* BehaviorSectionHeaderView.m in Sources */,
				49EBB4321537D1E9002BBF3C /* DCCrossHairView.m in Sources */,
				49EBB4331537D1E9002BBF3C /* DCFrameView.m in Sources */,
				49EBB4341537D1E9002BBF3C /* DCIntrospect.m in Sources */,
				49EBB4351537D1E9002BBF3C /* DCStatusBarOverlay.m in Sources */,
				49EBB43A1537D4A5002BBF3C /* UIView+Additions.m in Sources */,
				49EBB43D1537D4BE002BBF3C /* Introspect.m in Sources */,
				499EC2591537E9A90025C20D /* BehaviorTableViewCell.m in Sources */,
			);
			runOnlyForDeploymentPostprocessing = 0;
		};
		49A04A641534491B0092DC4A /* Sources */ = {
			isa = PBXSourcesBuildPhase;
			buildActionMask = 2147483647;
			files = (
				49A04AB615344D900092DC4A /* MeritDemeritCellTests.m in Sources */,
			);
			runOnlyForDeploymentPostprocessing = 0;
		};
/* End PBXSourcesBuildPhase section */

/* Begin PBXTargetDependency section */
		49A04A6F1534491B0092DC4A /* PBXTargetDependency */ = {
			isa = PBXTargetDependency;
			target = 49A04A441534491B0092DC4A /* MeritDemeritCell */;
			targetProxy = 49A04A6E1534491B0092DC4A /* PBXContainerItemProxy */;
		};
/* End PBXTargetDependency section */

/* Begin PBXVariantGroup section */
		49A04AAB15344D420092DC4A /* InfoPlist.strings */ = {
			isa = PBXVariantGroup;
			children = (
				49A04AAC15344D420092DC4A /* en */,
			);
			name = InfoPlist.strings;
			sourceTree = "<group>";
		};
		49A04AAE15344D4E0092DC4A /* MainStoryboard_iPad.storyboard */ = {
			isa = PBXVariantGroup;
			children = (
				49A04AAF15344D4E0092DC4A /* en */,
			);
			name = MainStoryboard_iPad.storyboard;
			sourceTree = "<group>";
		};
		49A04AB015344D4E0092DC4A /* MainStoryboard_iPhone.storyboard */ = {
			isa = PBXVariantGroup;
			children = (
				49A04AB115344D4E0092DC4A /* en */,
			);
			name = MainStoryboard_iPhone.storyboard;
			sourceTree = "<group>";
		};
		49A04AB715344D9B0092DC4A /* InfoPlist.strings */ = {
			isa = PBXVariantGroup;
			children = (
				49A04AB815344D9B0092DC4A /* en */,
			);
			name = InfoPlist.strings;
			sourceTree = "<group>";
		};
/* End PBXVariantGroup section */

/* Begin XCBuildConfiguration section */
		49A04A791534491B0092DC4A /* Debug */ = {
			isa = XCBuildConfiguration;
			buildSettings = {
				ALWAYS_SEARCH_USER_PATHS = NO;
				ARCHS = "$(ARCHS_STANDARD_32_BIT)";
				CLANG_ENABLE_OBJC_ARC = YES;
				"CODE_SIGN_IDENTITY[sdk=iphoneos*]" = "iPhone Developer";
				COPY_PHASE_STRIP = NO;
				GCC_C_LANGUAGE_STANDARD = gnu99;
				GCC_DYNAMIC_NO_PIC = NO;
				GCC_OPTIMIZATION_LEVEL = 0;
				GCC_PREPROCESSOR_DEFINITIONS = (
					"DEBUG=1",
					"$(inherited)",
				);
				GCC_SYMBOLS_PRIVATE_EXTERN = NO;
				GCC_VERSION = com.apple.compilers.llvm.clang.1_0;
				GCC_WARN_ABOUT_RETURN_TYPE = YES;
				GCC_WARN_UNINITIALIZED_AUTOS = YES;
				GCC_WARN_UNUSED_VARIABLE = YES;
				IPHONEOS_DEPLOYMENT_TARGET = 5.1;
				SDKROOT = iphoneos;
				TARGETED_DEVICE_FAMILY = "1,2";
			};
			name = Debug;
		};
		49A04A7A1534491B0092DC4A /* Release */ = {
			isa = XCBuildConfiguration;
			buildSettings = {
				ALWAYS_SEARCH_USER_PATHS = NO;
				ARCHS = "$(ARCHS_STANDARD_32_BIT)";
				CLANG_ENABLE_OBJC_ARC = YES;
				"CODE_SIGN_IDENTITY[sdk=iphoneos*]" = "iPhone Developer";
				COPY_PHASE_STRIP = YES;
				GCC_C_LANGUAGE_STANDARD = gnu99;
				GCC_VERSION = com.apple.compilers.llvm.clang.1_0;
				GCC_WARN_ABOUT_RETURN_TYPE = YES;
				GCC_WARN_UNINITIALIZED_AUTOS = YES;
				GCC_WARN_UNUSED_VARIABLE = YES;
				IPHONEOS_DEPLOYMENT_TARGET = 5.1;
				OTHER_CFLAGS = "-DNS_BLOCK_ASSERTIONS=1";
				SDKROOT = iphoneos;
				TARGETED_DEVICE_FAMILY = "1,2";
				VALIDATE_PRODUCT = YES;
			};
			name = Release;
		};
		49A04A7C1534491B0092DC4A /* Debug */ = {
			isa = XCBuildConfiguration;
			buildSettings = {
				GCC_PRECOMPILE_PREFIX_HEADER = YES;
				GCC_PREFIX_HEADER = "src/MeritDemeritCell-Prefix.pch";
				INFOPLIST_FILE = "resources/MeritDemeritCell-Info.plist";
				PRODUCT_NAME = "$(TARGET_NAME)";
				WRAPPER_EXTENSION = app;
			};
			name = Debug;
		};
		49A04A7D1534491B0092DC4A /* Release */ = {
			isa = XCBuildConfiguration;
			buildSettings = {
				GCC_PRECOMPILE_PREFIX_HEADER = YES;
				GCC_PREFIX_HEADER = "src/MeritDemeritCell-Prefix.pch";
				INFOPLIST_FILE = "resources/MeritDemeritCell-Info.plist";
				PRODUCT_NAME = "$(TARGET_NAME)";
				WRAPPER_EXTENSION = app;
			};
			name = Release;
		};
		49A04A7F1534491B0092DC4A /* Debug */ = {
			isa = XCBuildConfiguration;
			buildSettings = {
				BUNDLE_LOADER = "$(BUILT_PRODUCTS_DIR)/MeritDemeritCell.app/MeritDemeritCell";
				FRAMEWORK_SEARCH_PATHS = (
					"$(SDKROOT)/Developer/Library/Frameworks",
					"$(DEVELOPER_LIBRARY_DIR)/Frameworks",
				);
				GCC_PRECOMPILE_PREFIX_HEADER = YES;
				GCC_PREFIX_HEADER = "src/MeritDemeritCell-Prefix.pch";
				INFOPLIST_FILE = "resources/MeritDemeritCellTests-Info.plist";
				PRODUCT_NAME = "$(TARGET_NAME)";
				TEST_HOST = "$(BUNDLE_LOADER)";
				WRAPPER_EXTENSION = octest;
			};
			name = Debug;
		};
		49A04A801534491B0092DC4A /* Release */ = {
			isa = XCBuildConfiguration;
			buildSettings = {
				BUNDLE_LOADER = "$(BUILT_PRODUCTS_DIR)/MeritDemeritCell.app/MeritDemeritCell";
				FRAMEWORK_SEARCH_PATHS = (
					"$(SDKROOT)/Developer/Library/Frameworks",
					"$(DEVELOPER_LIBRARY_DIR)/Frameworks",
				);
				GCC_PRECOMPILE_PREFIX_HEADER = YES;
				GCC_PREFIX_HEADER = "src/MeritDemeritCell-Prefix.pch";
				INFOPLIST_FILE = "resources/MeritDemeritCellTests-Info.plist";
				PRODUCT_NAME = "$(TARGET_NAME)";
				TEST_HOST = "$(BUNDLE_LOADER)";
				WRAPPER_EXTENSION = octest;
			};
			name = Release;
		};
/* End XCBuildConfiguration section */

/* Begin XCConfigurationList section */
		49A04A3F1534491B0092DC4A /* Build configuration list for PBXProject "MeritDemeritCell" */ = {
			isa = XCConfigurationList;
			buildConfigurations = (
				49A04A791534491B0092DC4A /* Debug */,
				49A04A7A1534491B0092DC4A /* Release */,
			);
			defaultConfigurationIsVisible = 0;
			defaultConfigurationName = Release;
		};
		49A04A7B1534491B0092DC4A /* Build configuration list for PBXNativeTarget "MeritDemeritCell" */ = {
			isa = XCConfigurationList;
			buildConfigurations = (
				49A04A7C1534491B0092DC4A /* Debug */,
				49A04A7D1534491B0092DC4A /* Release */,
			);
			defaultConfigurationIsVisible = 0;
			defaultConfigurationName = Release;
		};
		49A04A7E1534491B0092DC4A /* Build configuration list for PBXNativeTarget "MeritDemeritCellTests" */ = {
			isa = XCConfigurationList;
			buildConfigurations = (
				49A04A7F1534491B0092DC4A /* Debug */,
				49A04A801534491B0092DC4A /* Release */,
			);
			defaultConfigurationIsVisible = 0;
			defaultConfigurationName = Release;
		};
/* End XCConfigurationList section */
	};
	rootObject = 49A04A3C1534491B0092DC4A /* Project object */;
}
